
Microsoft Visual Studio Solution File, Format Version 12.00
# Visual Studio 15
VisualStudioVersion = 15.0.28010.2046
MinimumVisualStudioVersion = 10.0.40219.1
Project("{FAE04EC0-301F-11D3-BF4B-00C04F79EFBC}") = "MultiDebugSample.WebApp1", "MultiDebugSample.WebApp1\MultiDebugSample.WebApp1.csproj", "{38643EEF-ED18-4288-AA3C-1F7194F3C23C}"
EndProject
Project("{FAE04EC0-301F-11D3-BF4B-00C04F79EFBC}") = "MultiDebugSample.WebApp2", "MultiDebugSample.WebApp2\MultiDebugSample.WebApp2.csproj", "{3A2502AC-0B60-40AB-88B5-7ED4613C1184}"
EndProject
Global
	GlobalSection(SolutionConfigurationPlatforms) = preSolution
		Debug|Any CPU = Debug|Any CPU
		Release|Any CPU = Release|Any CPU
	EndGlobalSection
	GlobalSection(ProjectConfigurationPlatforms) = postSolution
		{38643EEF-ED18-4288-AA3C-1F7194F3C23C}.Debug|Any CPU.ActiveCfg = Debug|Any CPU
		{38643EEF-ED18-4288-AA3C-1F7194F3C23C}.Debug|Any CPU.Build.0 = Debug|Any CPU
		{38643EEF-ED18-4288-AA3C-1F7194F3C23C}.Release|Any CPU.ActiveCfg = Release|Any CPU
		{38643EEF-ED18-4288-AA3C-1F7194F3C23C}.Release|Any CPU.Build.0 = Release|Any CPU
		{3A2502AC-0B60-40AB-88B5-7ED4613C1184}.Debug|Any CPU.ActiveCfg = Debug|Any CPU
		{3A2502AC-0B60-40AB-88B5-7ED4613C1184}.Debug|Any CPU.Build.0 = Debug|Any CPU
		{3A2502AC-0B60-40AB-88B5-7ED4613C1184}.Release|Any CPU.ActiveCfg = Release|Any CPU
		{3A2502AC-0B60-40AB-88B5-7ED4613C1184}.Release|Any CPU.Build.0 = Release|Any CPU
	EndGlobalSection
	GlobalSection(SolutionProperties) = preSolution
		HideSolutionNode = FALSE
	EndGlobalSection
	GlobalSection(ExtensibilityGlobals) = postSolution
		SolutionGuid = {249FB86A-2387-4727-BE36-70234945108F}
	EndGlobalSection
EndGlobal
